// !$*UTF8*$!
{
	archiveVersion = 1;
	classes = {
	};
	objectVersion = 50;
	objects = {

/* Begin PBXBuildFile section */
		D0866DBD26ED2B8100879830 /* AppDelegate.swift in Sources */ = {isa = PBXBuildFile; fileRef = D0866DBC26ED2B8100879830 /* AppDelegate.swift */; };
		D0866DBF26ED2B8100879830 /* SceneDelegate.swift in Sources */ = {isa = PBXBuildFile; fileRef = D0866DBE26ED2B8100879830 /* SceneDelegate.swift */; };
		D0866DC126ED2B8100879830 /* ViewController.swift in Sources */ = {isa = PBXBuildFile; fileRef = D0866DC026ED2B8100879830 /* ViewController.swift */; };
		D0866DC426ED2B8100879830 /* Main.storyboard in Resources */ = {isa = PBXBuildFile; fileRef = D0866DC226ED2B8100879830 /* Main.storyboard */; };
		D0866DC626ED2B8500879830 /* Assets.xcassets in Resources */ = {isa = PBXBuildFile; fileRef = D0866DC526ED2B8500879830 /* Assets.xcassets */; };
		D0866DC926ED2B8500879830 /* LaunchScreen.storyboard in Resources */ = {isa = PBXBuildFile; fileRef = D0866DC726ED2B8500879830 /* LaunchScreen.storyboard */; };
		D0866DD426ED2B8500879830 /* LightTests.swift in Sources */ = {isa = PBXBuildFile; fileRef = D0866DD326ED2B8500879830 /* LightTests.swift */; };
		D0866DDF26ED2B8500879830 /* LightUITests.swift in Sources */ = {isa = PBXBuildFile; fileRef = D0866DDE26ED2B8500879830 /* LightUITests.swift */; };
/* End PBXBuildFile section */

/* Begin PBXContainerItemProxy section */
		D0866DD026ED2B8500879830 /* PBXContainerItemProxy */ = {
			isa = PBXContainerItemProxy;
			containerPortal = D0866DB126ED2B8100879830 /* Project object */;
			proxyType = 1;
			remoteGlobalIDString = D0866DB826ED2B8100879830;
			remoteInfo = Light;
		};
		D0866DDB26ED2B8500879830 /* PBXContainerItemProxy */ = {
			isa = PBXContainerItemProxy;
			containerPortal = D0866DB126ED2B8100879830 /* Project object */;
			proxyType = 1;
			remoteGlobalIDString = D0866DB826ED2B8100879830;
			remoteInfo = Light;
		};
/* End PBXContainerItemProxy section */

/* Begin PBXFileReference section */
		D0866DB926ED2B8100879830 /* Light.app */ = {isa = PBXFileReference; explicitFileType = wrapper.application; includeInIndex = 0; path = Light.app; sourceTree = BUILT_PRODUCTS_DIR; };
		D0866DBC26ED2B8100879830 /* AppDelegate.swift */ = {isa = PBXFileReference; lastKnownFileType = sourcecode.swift; path = AppDelegate.swift; sourceTree = "<group>"; };
		D0866DBE26ED2B8100879830 /* SceneDelegate.swift */ = {isa = PBXFileReference; lastKnownFileType = sourcecode.swift; path = SceneDelegate.swift; sourceTree = "<group>"; };
		D0866DC026ED2B8100879830 /* ViewController.swift */ = {isa = PBXFileReference; lastKnownFileType = sourcecode.swift; path = ViewController.swift; sourceTree = "<group>"; };
		D0866DC326ED2B8100879830 /* Base */ = {isa = PBXFileReference; lastKnownFileType = file.storyboard; name = Base; path = Base.lproj/Main.storyboard; sourceTree = "<group>"; };
		D0866DC526ED2B8500879830 /* Assets.xcassets */ = {isa = PBXFileReference; lastKnownFileType = folder.assetcatalog; path = Assets.xcassets; sourceTree = "<group>"; };
		D0866DC826ED2B8500879830 /* Base */ = {isa = PBXFileReference; lastKnownFileType = file.storyboard; name = Base; path = Base.lproj/LaunchScreen.storyboard; sourceTree = "<group>"; };
		D0866DCA26ED2B8500879830 /* Info.plist */ = {isa = PBXFileReference; lastKnownFileType = text.plist.xml; path = Info.plist; sourceTree = "<group>"; };
		D0866DCF26ED2B8500879830 /* LightTests.xctest */ = {isa = PBXFileReference; explicitFileType = wrapper.cfbundle; includeInIndex = 0; path = LightTests.xctest; sourceTree = BUILT_PRODUCTS_DIR; };
		D0866DD326ED2B8500879830 /* LightTests.swift */ = {isa = PBXFileReference; lastKnownFileType = sourcecode.swift; path = LightTests.swift; sourceTree = "<group>"; };
		D0866DD526ED2B8500879830 /* Info.plist */ = {isa = PBXFileReference; lastKnownFileType = text.plist.xml; path = Info.plist; sourceTree = "<group>"; };
		D0866DDA26ED2B8500879830 /* LightUITests.xctest */ = {isa = PBXFileReference; explicitFileType = wrapper.cfbundle; includeInIndex = 0; path = LightUITests.xctest; sourceTree = BUILT_PRODUCTS_DIR; };
		D0866DDE26ED2B8500879830 /* LightUITests.swift */ = {isa = PBXFileReference; lastKnownFileType = sourcecode.swift; path = LightUITests.swift; sourceTree = "<group>"; };
		D0866DE026ED2B8500879830 /* Info.plist */ = {isa = PBXFileReference; lastKnownFileType = text.plist.xml; path = Info.plist; sourceTree = "<group>"; };
/* End PBXFileReference section */

/* Begin PBXFrameworksBuildPhase section */
		D0866DB626ED2B8100879830 /* Frameworks */ = {
			isa = PBXFrameworksBuildPhase;
			buildActionMask = 2147483647;
			files = (
			);
			runOnlyForDeploymentPostprocessing = 0;
		};
		D0866DCC26ED2B8500879830 /* Frameworks */ = {
			isa = PBXFrameworksBuildPhase;
			buildActionMask = 2147483647;
			files = (
			);
			runOnlyForDeploymentPostprocessing = 0;
		};
		D0866DD726ED2B8500879830 /* Frameworks */ = {
			isa = PBXFrameworksBuildPhase;
			buildActionMask = 2147483647;
			files = (
			);
			runOnlyForDeploymentPostprocessing = 0;
		};
/* End PBXFrameworksBuildPhase section */

/* Begin PBXGroup section */
		D0866DB026ED2B8100879830 = {
			isa = PBXGroup;
			children = (
				D0866DBB26ED2B8100879830 /* Light */,
				D0866DD226ED2B8500879830 /* LightTests */,
				D0866DDD26ED2B8500879830 /* LightUITests */,
				D0866DBA26ED2B8100879830 /* Products */,
			);
			sourceTree = "<group>";
		};
		D0866DBA26ED2B8100879830 /* Products */ = {
			isa = PBXGroup;
			children = (
				D0866DB926ED2B8100879830 /* Light.app */,
				D0866DCF26ED2B8500879830 /* LightTests.xctest */,
				D0866DDA26ED2B8500879830 /* LightUITests.xctest */,
			);
			name = Products;
			sourceTree = "<group>";
		};
		D0866DBB26ED2B8100879830 /* Light */ = {
			isa = PBXGroup;
			children = (
				D0866DBC26ED2B8100879830 /* AppDelegate.swift */,
				D0866DBE26ED2B8100879830 /* SceneDelegate.swift */,
				D0866DC026ED2B8100879830 /* ViewController.swift */,
				D0866DC226ED2B8100879830 /* Main.storyboard */,
				D0866DC526ED2B8500879830 /* Assets.xcassets */,
				D0866DC726ED2B8500879830 /* LaunchScreen.storyboard */,
				D0866DCA26ED2B8500879830 /* Info.plist */,
			);
			path = Light;
			sourceTree = "<group>";
		};
		D0866DD226ED2B8500879830 /* LightTests */ = {
			isa = PBXGroup;
			children = (
				D0866DD326ED2B8500879830 /* LightTests.swift */,
				D0866DD526ED2B8500879830 /* Info.plist */,
			);
			path = LightTests;
			sourceTree = "<group>";
		};
		D0866DDD26ED2B8500879830 /* LightUITests */ = {
			isa = PBXGroup;
			children = (
				D0866DDE26ED2B8500879830 /* LightUITests.swift */,
				D0866DE026ED2B8500879830 /* Info.plist */,
			);
			path = LightUITests;
			sourceTree = "<group>";
		};
/* End PBXGroup section */

/* Begin PBXNativeTarget section */
		D0866DB826ED2B8100879830 /* Light */ = {
			isa = PBXNativeTarget;
			buildConfigurationList = D0866DE326ED2B8500879830 /* Build configuration list for PBXNativeTarget "Light" */;
			buildPhases = (
				D0866DB526ED2B8100879830 /* Sources */,
				D0866DB626ED2B8100879830 /* Frameworks */,
				D0866DB726ED2B8100879830 /* Resources */,
			);
			buildRules = (
			);
			dependencies = (
			);
			name = Light;
			productName = Light;
			productReference = D0866DB926ED2B8100879830 /* Light.app */;
			productType = "com.apple.product-type.application";
		};
		D0866DCE26ED2B8500879830 /* LightTests */ = {
			isa = PBXNativeTarget;
			buildConfigurationList = D0866DE626ED2B8500879830 /* Build configuration list for PBXNativeTarget "LightTests" */;
			buildPhases = (
				D0866DCB26ED2B8500879830 /* Sources */,
				D0866DCC26ED2B8500879830 /* Frameworks */,
				D0866DCD26ED2B8500879830 /* Resources */,
			);
			buildRules = (
			);
			dependencies = (
				D0866DD126ED2B8500879830 /* PBXTargetDependency */,
			);
			name = LightTests;
			productName = LightTests;
			productReference = D0866DCF26ED2B8500879830 /* LightTests.xctest */;
			productType = "com.apple.product-type.bundle.unit-test";
		};
		D0866DD926ED2B8500879830 /* LightUITests */ = {
			isa = PBXNativeTarget;
			buildConfigurationList = D0866DE926ED2B8500879830 /* Build configuration list for PBXNativeTarget "LightUITests" */;
			buildPhases = (
				D0866DD626ED2B8500879830 /* Sources */,
				D0866DD726ED2B8500879830 /* Frameworks */,
				D0866DD826ED2B8500879830 /* Resources */,
			);
			buildRules = (
			);
			dependencies = (
				D0866DDC26ED2B8500879830 /* PBXTargetDependency */,
			);
			name = LightUITests;
			productName = LightUITests;
			productReference = D0866DDA26ED2B8500879830 /* LightUITests.xctest */;
			productType = "com.apple.product-type.bundle.ui-testing";
		};
/* End PBXNativeTarget section */

/* Begin PBXProject section */
		D0866DB126ED2B8100879830 /* Project object */ = {
			isa = PBXProject;
			attributes = {
				LastSwiftUpdateCheck = 1250;
				LastUpgradeCheck = 1250;
				TargetAttributes = {
					D0866DB826ED2B8100879830 = {
						CreatedOnToolsVersion = 12.5.1;
					};
					D0866DCE26ED2B8500879830 = {
						CreatedOnToolsVersion = 12.5.1;
						TestTargetID = D0866DB826ED2B8100879830;
					};
					D0866DD926ED2B8500879830 = {
						CreatedOnToolsVersion = 12.5.1;
						TestTargetID = D0866DB826ED2B8100879830;
					};
				};
			};
			buildConfigurationList = D0866DB426ED2B8100879830 /* Build configuration list for PBXProject "Light" */;
			compatibilityVersion = "Xcode 9.3";
			developmentRegion = en;
			hasScannedForEncodings = 0;
			knownRegions = (
				en,
				Base,
			);
			mainGroup = D0866DB026ED2B8100879830;
			productRefGroup = D0866DBA26ED2B8100879830 /* Products */;
			projectDirPath = "";
			projectRoot = "";
			targets = (
				D0866DB826ED2B8100879830 /* Light */,
				D0866DCE26ED2B8500879830 /* LightTests */,
				D0866DD926ED2B8500879830 /* LightUITests */,
			);
		};
/* End PBXProject section */

/* Begin PBXResourcesBuildPhase section */
		D0866DB726ED2B8100879830 /* Resources */ = {
			isa = PBXResourcesBuildPhase;
			buildActionMask = 2147483647;
			files = (
				D0866DC926ED2B8500879830 /* LaunchScreen.storyboard in Resources */,
				D0866DC626ED2B8500879830 /* Assets.xcassets in Resources */,
				D0866DC426ED2B8100879830 /* Main.storyboard in Resources */,
			);
			runOnlyForDeploymentPostprocessing = 0;
		};
		D0866DCD26ED2B8500879830 /* Resources */ = {
			isa = PBXResourcesBuildPhase;
			buildActionMask = 2147483647;
			files = (
			);
			runOnlyForDeploymentPostprocessing = 0;
		};
		D0866DD826ED2B8500879830 /* Resources */ = {
			isa = PBXResourcesBuildPhase;
			buildActionMask = 2147483647;
			files = (
			);
			runOnlyForDeploymentPostprocessing = 0;
		};
/* End PBXResourcesBuildPhase section */

/* Begin PBXSourcesBuildPhase section */
		D0866DB526ED2B8100879830 /* Sources */ = {
			isa = PBXSourcesBuildPhase;
			buildActionMask = 2147483647;
			files = (
				D0866DC126ED2B8100879830 /* ViewController.swift in Sources */,
				D0866DBD26ED2B8100879830 /* AppDelegate.swift in Sources */,
				D0866DBF26ED2B8100879830 /* SceneDelegate.swift in Sources */,
			);
			runOnlyForDeploymentPostprocessing = 0;
		};
		D0866DCB26ED2B8500879830 /* Sources */ = {
			isa = PBXSourcesBuildPhase;
			buildActionMask = 2147483647;
			files = (
				D0866DD426ED2B8500879830 /* LightTests.swift in Sources */,
			);
			runOnlyForDeploymentPostprocessing = 0;
		};
		D0866DD626ED2B8500879830 /* Sources */ = {
			isa = PBXSourcesBuildPhase;
			buildActionMask = 2147483647;
			files = (
				D0866DDF26ED2B8500879830 /* LightUITests.swift in Sources */,
			);
			runOnlyForDeploymentPostprocessing = 0;
		};
/* End PBXSourcesBuildPhase section */

/* Begin PBXTargetDependency section */
		D0866DD126ED2B8500879830 /* PBXTargetDependency */ = {
			isa = PBXTargetDependency;
			target = D0866DB826ED2B8100879830 /* Light */;
			targetProxy = D0866DD026ED2B8500879830 /* PBXContainerItemProxy */;
		};
		D0866DDC26ED2B8500879830 /* PBXTargetDependency */ = {
			isa = PBXTargetDependency;
			target = D0866DB826ED2B8100879830 /* Light */;
			targetProxy = D0866DDB26ED2B8500879830 /* PBXContainerItemProxy */;
		};
/* End PBXTargetDependency section */

/* Begin PBXVariantGroup section */
		D0866DC226ED2B8100879830 /* Main.storyboard */ = {
			isa = PBXVariantGroup;
			children = (
				D0866DC326ED2B8100879830 /* Base */,
			);
			name = Main.storyboard;
			sourceTree = "<group>";
		};
		D0866DC726ED2B8500879830 /* LaunchScreen.storyboard */ = {
			isa = PBXVariantGroup;
			children = (
				D0866DC826ED2B8500879830 /* Base */,
			);
			name = LaunchScreen.storyboard;
			sourceTree = "<group>";
		};
/* End PBXVariantGroup section */

/* Begin XCBuildConfiguration section */
		D0866DE126ED2B8500879830 /* Debug */ = {
			isa = XCBuildConfiguration;
			buildSettings = {
				ALWAYS_SEARCH_USER_PATHS = NO;
				CLANG_ANALYZER_NONNULL = YES;
				CLANG_ANALYZER_NUMBER_OBJECT_CONVERSION = YES_AGGRESSIVE;
				CLANG_CXX_LANGUAGE_STANDARD = "gnu++14";
				CLANG_CXX_LIBRARY = "libc++";
				CLANG_ENABLE_MODULES = YES;
				CLANG_ENABLE_OBJC_ARC = YES;
				CLANG_ENABLE_OBJC_WEAK = YES;
				CLANG_WARN_BLOCK_CAPTURE_AUTORELEASING = YES;
				CLANG_WARN_BOOL_CONVERSION = YES;
				CLANG_WARN_COMMA = YES;
				CLANG_WARN_CONSTANT_CONVERSION = YES;
				CLANG_WARN_DEPRECATED_OBJC_IMPLEMENTATIONS = YES;
				CLANG_WARN_DIRECT_OBJC_ISA_USAGE = YES_ERROR;
				CLANG_WARN_DOCUMENTATION_COMMENTS = YES;
				CLANG_WARN_EMPTY_BODY = YES;
				CLANG_WARN_ENUM_CONVERSION = YES;
				CLANG_WARN_INFINITE_RECURSION = YES;
				CLANG_WARN_INT_CONVERSION = YES;
				CLANG_WARN_NON_LITERAL_NULL_CONVERSION = YES;
				CLANG_WARN_OBJC_IMPLICIT_RETAIN_SELF = YES;
				CLANG_WARN_OBJC_LITERAL_CONVERSION = YES;
				CLANG_WARN_OBJC_ROOT_CLASS = YES_ERROR;
				CLANG_WARN_QUOTED_INCLUDE_IN_FRAMEWORK_HEADER = YES;
				CLANG_WARN_RANGE_LOOP_ANALYSIS = YES;
				CLANG_WARN_STRICT_PROTOTYPES = YES;
				CLANG_WARN_SUSPICIOUS_MOVE = YES;
				CLANG_WARN_UNGUARDED_AVAILABILITY = YES_AGGRESSIVE;
				CLANG_WARN_UNREACHABLE_CODE = YES;
				CLANG_WARN__DUPLICATE_METHOD_MATCH = YES;
				COPY_PHASE_STRIP = NO;
				DEBUG_INFORMATION_FORMAT = dwarf;
				ENABLE_STRICT_OBJC_MSGSEND = YES;
				ENABLE_TESTABILITY = YES;
				GCC_C_LANGUAGE_STANDARD = gnu11;
				GCC_DYNAMIC_NO_PIC = NO;
				GCC_NO_COMMON_BLOCKS = YES;
				GCC_OPTIMIZATION_LEVEL = 0;
				GCC_PREPROCESSOR_DEFINITIONS = (
					"DEBUG=1",
					"$(inherited)",
				);
				GCC_WARN_64_TO_32_BIT_CONVERSION = YES;
				GCC_WARN_ABOUT_RETURN_TYPE = YES_ERROR;
				GCC_WARN_UNDECLARED_SELECTOR = YES;
				GCC_WARN_UNINITIALIZED_AUTOS = YES_AGGRESSIVE;
				GCC_WARN_UNUSED_FUNCTION = YES;
				GCC_WARN_UNUSED_VARIABLE = YES;
				IPHONEOS_DEPLOYMENT_TARGET = 14.5;
				MTL_ENABLE_DEBUG_INFO = INCLUDE_SOURCE;
				MTL_FAST_MATH = YES;
				ONLY_ACTIVE_ARCH = YES;
				SDKROOT = iphoneos;
				SWIFT_ACTIVE_COMPILATION_CONDITIONS = DEBUG;
				SWIFT_OPTIMIZATION_LEVEL = "-Onone";
			};
			name = Debug;
		};
		D0866DE226ED2B8500879830 /* Release */ = {
			isa = XCBuildConfiguration;
			buildSettings = {
				ALWAYS_SEARCH_USER_PATHS = NO;
				CLANG_ANALYZER_NONNULL = YES;
				CLANG_ANALYZER_NUMBER_OBJECT_CONVERSION = YES_AGGRESSIVE;
				CLANG_CXX_LANGUAGE_STANDARD = "gnu++14";
				CLANG_CXX_LIBRARY = "libc++";
				CLANG_ENABLE_MODULES = YES;
				CLANG_ENABLE_OBJC_ARC = YES;
				CLANG_ENABLE_OBJC_WEAK = YES;
				CLANG_WARN_BLOCK_CAPTURE_AUTORELEASING = YES;
				CLANG_WARN_BOOL_CONVERSION = YES;
				CLANG_WARN_COMMA = YES;
				CLANG_WARN_CONSTANT_CONVERSION = YES;
				CLANG_WARN_DEPRECATED_OBJC_IMPLEMENTATIONS = YES;
				CLANG_WARN_DIRECT_OBJC_ISA_USAGE = YES_ERROR;
				CLANG_WARN_DOCUMENTATION_COMMENTS = YES;
				CLANG_WARN_EMPTY_BODY = YES;
				CLANG_WARN_ENUM_CONVERSION = YES;
				CLANG_WARN_INFINITE_RECURSION = YES;
				CLANG_WARN_INT_CONVERSION = YES;
				CLANG_WARN_NON_LITERAL_NULL_CONVERSION = YES;
				CLANG_WARN_OBJC_IMPLICIT_RETAIN_SELF = YES;
				CLANG_WARN_OBJC_LITERAL_CONVERSION = YES;
				CLANG_WARN_OBJC_ROOT_CLASS = YES_ERROR;
				CLANG_WARN_QUOTED_INCLUDE_IN_FRAMEWORK_HEADER = YES;
				CLANG_WARN_RANGE_LOOP_ANALYSIS = YES;
				CLANG_WARN_STRICT_PROTOTYPES = YES;
				CLANG_WARN_SUSPICIOUS_MOVE = YES;
				CLANG_WARN_UNGUARDED_AVAILABILITY = YES_AGGRESSIVE;
				CLANG_WARN_UNREACHABLE_CODE = YES;
				CLANG_WARN__DUPLICATE_METHOD_MATCH = YES;
				COPY_PHASE_STRIP = NO;
				DEBUG_INFORMATION_FORMAT = "dwarf-with-dsym";
				ENABLE_NS_ASSERTIONS = NO;
				ENABLE_STRICT_OBJC_MSGSEND = YES;
				GCC_C_LANGUAGE_STANDARD = gnu11;
				GCC_NO_COMMON_BLOCKS = YES;
				GCC_WARN_64_TO_32_BIT_CONVERSION = YES;
				GCC_WARN_ABOUT_RETURN_TYPE = YES_ERROR;
				GCC_WARN_UNDECLARED_SELECTOR = YES;
				GCC_WARN_UNINITIALIZED_AUTOS = YES_AGGRESSIVE;
				GCC_WARN_UNUSED_FUNCTION = YES;
				GCC_WARN_UNUSED_VARIABLE = YES;
				IPHONEOS_DEPLOYMENT_TARGET = 14.5;
				MTL_ENABLE_DEBUG_INFO = NO;
				MTL_FAST_MATH = YES;
				SDKROOT = iphoneos;
				SWIFT_COMPILATION_MODE = wholemodule;
				SWIFT_OPTIMIZATION_LEVEL = "-O";
				VALIDATE_PRODUCT = YES;
			};
			name = Release;
		};
		D0866DE426ED2B8500879830 /* Debug */ = {
			isa = XCBuildConfiguration;
			buildSettings = {
				ASSETCATALOG_COMPILER_APPICON_NAME = AppIcon;
				ASSETCATALOG_COMPILER_GLOBAL_ACCENT_COLOR_NAME = AccentColor;
				CODE_SIGN_STYLE = Automatic;
				DEVELOPMENT_TEAM = F3C7FL28EH;
				INFOPLIST_FILE = Light/Info.plist;
				LD_RUNPATH_SEARCH_PATHS = (
					"$(inherited)",
					"@executable_path/Frameworks",
				);
				PRODUCT_BUNDLE_IDENTIFIER = com.fnino.Light;
				PRODUCT_NAME = "$(TARGET_NAME)";
				SWIFT_VERSION = 5.0;
				TARGETED_DEVICE_FAMILY = "1,2";
			};
			name = Debug;
		};
		D0866DE526ED2B8500879830 /* Release */ = {
			isa = XCBuildConfiguration;
			buildSettings = {
				ASSETCATALOG_COMPILER_APPICON_NAME = AppIcon;
				ASSETCATALOG_COMPILER_GLOBAL_ACCENT_COLOR_NAME = AccentColor;
				CODE_SIGN_STYLE = Automatic;
				DEVELOPMENT_TEAM = F3C7FL28EH;
				INFOPLIST_FILE = Light/Info.plist;
				LD_RUNPATH_SEARCH_PATHS = (
					"$(inherited)",
					"@executable_path/Frameworks",
				);
				PRODUCT_BUNDLE_IDENTIFIER = com.fnino.Light;
				PRODUCT_NAME = "$(TARGET_NAME)";
				SWIFT_VERSION = 5.0;
				TARGETED_DEVICE_FAMILY = "1,2";
			};
			name = Release;
		};
		D0866DE726ED2B8500879830 /* Debug */ = {
			isa = XCBuildConfiguration;
			buildSettings = {
				ALWAYS_EMBED_SWIFT_STANDARD_LIBRARIES = YES;
				BUNDLE_LOADER = "$(TEST_HOST)";
				CODE_SIGN_STYLE = Automatic;
				DEVELOPMENT_TEAM = F3C7FL28EH;
				INFOPLIST_FILE = LightTests/Info.plist;
				IPHONEOS_DEPLOYMENT_TARGET = 14.5;
				LD_RUNPATH_SEARCH_PATHS = (
					"$(inherited)",
					"@executable_path/Frameworks",
					"@loader_path/Frameworks",
				);
				PRODUCT_BUNDLE_IDENTIFIER = com.fnino.LightTests;
				PRODUCT_NAME = "$(TARGET_NAME)";
				SWIFT_VERSION = 5.0;
				TARGETED_DEVICE_FAMILY = "1,2";
				TEST_HOST = "$(BUILT_PRODUCTS_DIR)/Light.app/Light";
			};
			name = Debug;
		};
		D0866DE826ED2B8500879830 /* Release */ = {
			isa = XCBuildConfiguration;
			buildSettings = {
				ALWAYS_EMBED_SWIFT_STANDARD_LIBRARIES = YES;
				BUNDLE_LOADER = "$(TEST_HOST)";
				CODE_SIGN_STYLE = Automatic;
				DEVELOPMENT_TEAM = F3C7FL28EH;
				INFOPLIST_FILE = LightTests/Info.plist;
				IPHONEOS_DEPLOYMENT_TARGET = 14.5;
				LD_RUNPATH_SEARCH_PATHS = (
					"$(inherited)",
					"@executable_path/Frameworks",
					"@loader_path/Frameworks",
				);
				PRODUCT_BUNDLE_IDENTIFIER = com.fnino.LightTests;
				PRODUCT_NAME = "$(TARGET_NAME)";
				SWIFT_VERSION = 5.0;
				TARGETED_DEVICE_FAMILY = "1,2";
				TEST_HOST = "$(BUILT_PRODUCTS_DIR)/Light.app/Light";
			};
			name = Release;
		};
		D0866DEA26ED2B8500879830 /* Debug */ = {
			isa = XCBuildConfiguration;
			buildSettings = {
				ALWAYS_EMBED_SWIFT_STANDARD_LIBRARIES = YES;
				CODE_SIGN_STYLE = Automatic;
				DEVELOPMENT_TEAM = F3C7FL28EH;
				INFOPLIST_FILE = LightUITests/Info.plist;
				LD_RUNPATH_SEARCH_PATHS = (
					"$(inherited)",
					"@executable_path/Frameworks",
					"@loader_path/Frameworks",
				);
				PRODUCT_BUNDLE_IDENTIFIER = com.fnino.LightUITests;
				PRODUCT_NAME = "$(TARGET_NAME)";
				SWIFT_VERSION = 5.0;
				TARGETED_DEVICE_FAMILY = "1,2";
				TEST_TARGET_NAME = Light;
			};
			name = Debug;
		};
		D0866DEB26ED2B8500879830 /* Release */ = {
			isa = XCBuildConfiguration;
			buildSettings = {
				ALWAYS_EMBED_SWIFT_STANDARD_LIBRARIES = YES;
				CODE_SIGN_STYLE = Automatic;
				DEVELOPMENT_TEAM = F3C7FL28EH;
				INFOPLIST_FILE = LightUITests/Info.plist;
				LD_RUNPATH_SEARCH_PATHS = (
					"$(inherited)",
					"@executable_path/Frameworks",
					"@loader_path/Frameworks",
				);
				PRODUCT_BUNDLE_IDENTIFIER = com.fnino.LightUITests;
				PRODUCT_NAME = "$(TARGET_NAME)";
				SWIFT_VERSION = 5.0;
				TARGETED_DEVICE_FAMILY = "1,2";
				TEST_TARGET_NAME = Light;
			};
			name = Release;
		};
/* End XCBuildConfiguration section */

/* Begin XCConfigurationList section */
		D0866DB426ED2B8100879830 /* Build configuration list for PBXProject "Light" */ = {
			isa = XCConfigurationList;
			buildConfigurations = (
				D0866DE126ED2B8500879830 /* Debug */,
				D0866DE226ED2B8500879830 /* Release */,
			);
			defaultConfigurationIsVisible = 0;
			defaultConfigurationName = Release;
		};
		D0866DE326ED2B8500879830 /* Build configuration list for PBXNativeTarget "Light" */ = {
			isa = XCConfigurationList;
			buildConfigurations = (
				D0866DE426ED2B8500879830 /* Debug */,
				D0866DE526ED2B8500879830 /* Release */,
			);
			defaultConfigurationIsVisible = 0;
			defaultConfigurationName = Release;
		};
		D0866DE626ED2B8500879830 /* Build configuration list for PBXNativeTarget "LightTests" */ = {
			isa = XCConfigurationList;
			buildConfigurations = (
				D0866DE726ED2B8500879830 /* Debug */,
				D0866DE826ED2B8500879830 /* Release */,
			);
			defaultConfigurationIsVisible = 0;
			defaultConfigurationName = Release;
		};
		D0866DE926ED2B8500879830 /* Build configuration list for PBXNativeTarget "LightUITests" */ = {
			isa = XCConfigurationList;
			buildConfigurations = (
				D0866DEA26ED2B8500879830 /* Debug */,
				D0866DEB26ED2B8500879830 /* Release */,
			);
			defaultConfigurationIsVisible = 0;
			defaultConfigurationName = Release;
		};
/* End XCConfigurationList section */
	};
	rootObject = D0866DB126ED2B8100879830 /* Project object */;
}
